{
    "_readme": [
        "This file locks the dependencies of your project to a known state",
        "Read more about it at https://getcomposer.org/doc/01-basic-usage.md#installing-dependencies",
        "This file is @generated automatically"
    ],
    "content-hash": "18c58c2855cacc4b2ecbab8ea79f5354",
    "packages": [
        {
            "name": "jaxon-php/jaxon-core",
            "version": "v4.3.0",
            "source": {
                "type": "git",
                "url": "https://github.com/jaxon-php/jaxon-core.git",
                "reference": "efd4156a67101e55a9d2ac4276d751b6bc8ef611"
            },
            "dist": {
                "type": "zip",
                "url": "https://api.github.com/repos/jaxon-php/jaxon-core/zipball/efd4156a67101e55a9d2ac4276d751b6bc8ef611",
                "reference": "efd4156a67101e55a9d2ac4276d751b6bc8ef611",
                "shasum": ""
            },
            "require": {
                "ext-json": "*",
                "jaxon-php/jaxon-utils": "^1.1.2",
                "nyholm/psr7": "^1.5",
                "nyholm/psr7-server": "^1.0",
                "php": ">=7.1",
                "pimple/pimple": "^3.0",
                "psr/container": "^1.0",
                "psr/http-message": "^1.0",
                "psr/http-server-handler": "^1.0",
                "psr/http-server-middleware": "^1.0",
                "psr/log": "^1.0"
            },
            "require-dev": {
                "jaxon-php/jaxon-annotations": "dev-test",
                "jaxon-php/jaxon-dialogs": "dev-test",
                "jaxon-php/jaxon-upload": "dev-test",
                "lagdo/twitter-feed": "dev-test",
                "php-coveralls/php-coveralls": "^2.5",
                "phpunit/phpcov": "^8.2",
                "phpunit/phpunit": "^9.5"
            },
            "type": "library",
            "autoload": {
                "files": [
                    "src/start.php"
                ],
                "psr-4": {
                    "Jaxon\\": "src/"
                }
            },
            "notification-url": "https://packagist.org/downloads/",
            "license": [
                "BSD-3-Clause"
            ],
            "authors": [
                {
                    "name": "Thierry Feuzeu"
                },
                {
                    "name": "Jared White"
                },
                {
                    "name": "J. Max Wilson"
                },
                {
                    "name": "Joseph Woolley"
                },
                {
                    "name": "Steffen Konerow"
                }
            ],
            "description": "Jaxon is an open source PHP library for easily creating Ajax web applications",
            "homepage": "https://www.jaxon-php.org",
            "keywords": [
                "Jaxon",
                "ajax",
                "asynchronous",
                "php",
                "xajax"
            ],
            "support": {
                "issues": "https://github.com/jaxon-php/jaxon-core/issues",
                "source": "https://github.com/jaxon-php/jaxon-core"
            },
            "time": "2023-05-28T20:50:31+00:00"
        },
        {
            "name": "jaxon-php/jaxon-js",
            "version": "v3.3.7",
            "source": {
                "type": "git",
                "url": "https://github.com/jaxon-php/jaxon-js.git",
                "reference": "cc49dd95d904afa9962a5e74ddde28875b2ef9e2"
            },
            "dist": {
                "type": "zip",
                "url": "https://api.github.com/repos/jaxon-php/jaxon-js/zipball/cc49dd95d904afa9962a5e74ddde28875b2ef9e2",
                "reference": "cc49dd95d904afa9962a5e74ddde28875b2ef9e2",
                "shasum": ""
            },
            "type": "library",
            "notification-url": "https://packagist.org/downloads/",
            "license": [
                "BSD-3-Clause"
            ],
            "authors": [
                {
                    "name": "Jared White"
                },
                {
                    "name": "J. Max Wilson"
                },
                {
                    "name": "Joseph Woolley"
                },
                {
                    "name": "Steffen Konerow"
                },
                {
                    "name": "Thierry Feuzeu"
                }
            ],
            "description": "Javascript code for the Jaxon PHP library.",
            "homepage": "http://jaxon-project.org",
            "keywords": [
                "Jaxon",
                "ajax",
                "asynchronous",
                "php",
                "xajax"
            ],
            "support": {
                "issues": "https://github.com/jaxon-php/jaxon-js/issues",
                "source": "https://github.com/jaxon-php/jaxon-js"
            },
            "time": "2023-01-20T00:16:47+00:00"
        },
        {
            "name": "jaxon-php/jaxon-utils",
            "version": "v1.1.4",
            "source": {
                "type": "git",
                "url": "https://github.com/jaxon-php/jaxon-utils.git",
                "reference": "872c27e7a849e5ad0613251d5ce7e90886f10791"
            },
            "dist": {
                "type": "zip",
                "url": "https://api.github.com/repos/jaxon-php/jaxon-utils/zipball/872c27e7a849e5ad0613251d5ce7e90886f10791",
                "reference": "872c27e7a849e5ad0613251d5ce7e90886f10791",
                "shasum": ""
            },
            "require": {
                "ext-json": "*",
                "php": ">=7.1",
                "tedivm/jshrink": "^1.4"
            },
            "require-dev": {
                "php-coveralls/php-coveralls": "^2.5",
                "phpunit/phpcov": "^8.2",
                "phpunit/phpunit": "^9.5"
            },
            "type": "library",
            "autoload": {
                "psr-4": {
                    "Jaxon\\Utils\\": "src/"
                }
            },
            "notification-url": "https://packagist.org/downloads/",
            "license": [
                "BSD-3-Clause"
            ],
            "authors": [
                {
                    "name": "Thierry Feuzeu"
                }
            ],
            "description": "Utilities for the Jaxon library.",
            "homepage": "https://www.jaxon-php.org",
            "keywords": [
                "config",
                "minifier",
                "template",
                "translation",
                "validation"
            ],
            "support": {
                "issues": "https://github.com/jaxon-php/jaxon-utils/issues",
                "source": "https://github.com/jaxon-php/jaxon-utils"
            },
            "time": "2023-04-28T04:20:29+00:00"
        },
        {
            "name": "nyholm/psr7",
            "version": "1.8.0",
            "source": {
                "type": "git",
                "url": "https://github.com/Nyholm/psr7.git",
                "reference": "3cb4d163b58589e47b35103e8e5e6a6a475b47be"
            },
            "dist": {
                "type": "zip",
                "url": "https://api.github.com/repos/Nyholm/psr7/zipball/3cb4d163b58589e47b35103e8e5e6a6a475b47be",
                "reference": "3cb4d163b58589e47b35103e8e5e6a6a475b47be",
                "shasum": ""
            },
            "require": {
                "php": ">=7.2",
                "psr/http-factory": "^1.0",
                "psr/http-message": "^1.1 || ^2.0"
            },
            "provide": {
                "php-http/message-factory-implementation": "1.0",
                "psr/http-factory-implementation": "1.0",
                "psr/http-message-implementation": "1.0"
            },
            "require-dev": {
                "http-interop/http-factory-tests": "^0.9",
                "php-http/message-factory": "^1.0",
                "php-http/psr7-integration-tests": "^1.0",
                "phpunit/phpunit": "^7.5 || ^8.5 || ^9.4",
                "symfony/error-handler": "^4.4"
            },
            "type": "library",
            "extra": {
                "branch-alias": {
                    "dev-master": "1.8-dev"
                }
            },
            "autoload": {
                "psr-4": {
                    "Nyholm\\Psr7\\": "src/"
                }
            },
            "notification-url": "https://packagist.org/downloads/",
            "license": [
                "MIT"
            ],
            "authors": [
                {
                    "name": "Tobias Nyholm",
                    "email": "tobias.nyholm@gmail.com"
                },
                {
                    "name": "Martijn van der Ven",
                    "email": "martijn@vanderven.se"
                }
            ],
            "description": "A fast PHP7 implementation of PSR-7",
            "homepage": "https://tnyholm.se",
            "keywords": [
                "psr-17",
                "psr-7"
            ],
            "support": {
                "issues": "https://github.com/Nyholm/psr7/issues",
                "source": "https://github.com/Nyholm/psr7/tree/1.8.0"
            },
            "funding": [
                {
                    "url": "https://github.com/Zegnat",
                    "type": "github"
                },
                {
                    "url": "https://github.com/nyholm",
                    "type": "github"
                }
            ],
            "time": "2023-05-02T11:26:24+00:00"
        },
        {
            "name": "nyholm/psr7-server",
            "version": "1.0.2",
            "source": {
                "type": "git",
                "url": "https://github.com/Nyholm/psr7-server.git",
                "reference": "b846a689844cef114e8079d8c80f0afd96745ae3"
            },
            "dist": {
                "type": "zip",
                "url": "https://api.github.com/repos/Nyholm/psr7-server/zipball/b846a689844cef114e8079d8c80f0afd96745ae3",
                "reference": "b846a689844cef114e8079d8c80f0afd96745ae3",
                "shasum": ""
            },
            "require": {
                "php": "^7.1 || ^8.0",
                "psr/http-factory": "^1.0",
                "psr/http-message": "^1.0"
            },
            "require-dev": {
                "nyholm/nsa": "^1.1",
                "nyholm/psr7": "^1.3",
                "phpunit/phpunit": "^7.0 || ^8.5 || ^9.3"
            },
            "type": "library",
            "autoload": {
                "psr-4": {
                    "Nyholm\\Psr7Server\\": "src/"
                }
            },
            "notification-url": "https://packagist.org/downloads/",
            "license": [
                "MIT"
            ],
            "authors": [
                {
                    "name": "Tobias Nyholm",
                    "email": "tobias.nyholm@gmail.com"
                },
                {
                    "name": "Martijn van der Ven",
                    "email": "martijn@vanderven.se"
                }
            ],
            "description": "Helper classes to handle PSR-7 server requests",
            "homepage": "http://tnyholm.se",
            "keywords": [
                "psr-17",
                "psr-7"
            ],
            "support": {
                "issues": "https://github.com/Nyholm/psr7-server/issues",
                "source": "https://github.com/Nyholm/psr7-server/tree/1.0.2"
            },
            "funding": [
                {
                    "url": "https://github.com/Zegnat",
                    "type": "github"
                },
                {
                    "url": "https://github.com/nyholm",
                    "type": "github"
                }
            ],
            "time": "2021-05-12T11:11:27+00:00"
        },
        {
            "name": "php2wsdl/php2wsdl",
            "version": "0.6.1",
            "source": {
                "type": "git",
                "url": "https://github.com/dragosprotung/php2wsdl.git",
                "reference": "37c15cdc4cdd15363faf151dc0121ac5595fc513"
            },
            "dist": {
                "type": "zip",
                "url": "https://api.github.com/repos/dragosprotung/php2wsdl/zipball/37c15cdc4cdd15363faf151dc0121ac5595fc513",
                "reference": "37c15cdc4cdd15363faf151dc0121ac5595fc513",
                "shasum": ""
            },
            "require": {
                "php": ">=5.6",
                "wingu/reflection": "~1.0"
            },
            "require-dev": {
                "phpunit/phpunit": "~5.7",
                "scrutinizer/ocular": "~1.1"
            },
            "type": "library",
            "autoload": {
                "psr-4": {
                    "PHP2WSDL\\": "src"
                }
            },
            "notification-url": "https://packagist.org/downloads/",
            "license": [
                "MIT"
            ],
            "authors": [
                {
                    "name": "Dragos Protung",
                    "email": "dragos@protung.ro"
                }
            ],
            "description": "Create WSDL files form PHP classes.",
            "homepage": "http://github.com/dragosprotung/php2wsdl",
            "keywords": [
                "web services",
                "wsdl",
                "wsdl generator"
            ],
            "support": {
                "issues": "https://github.com/dragosprotung/php2wsdl/issues",
                "source": "https://github.com/dragosprotung/php2wsdl/tree/0.6.1"
            },
            "time": "2019-05-28T20:48:34+00:00"
        },
        {
            "name": "pimple/pimple",
            "version": "v3.5.0",
            "source": {
                "type": "git",
                "url": "https://github.com/silexphp/Pimple.git",
                "reference": "a94b3a4db7fb774b3d78dad2315ddc07629e1bed"
            },
            "dist": {
                "type": "zip",
                "url": "https://api.github.com/repos/silexphp/Pimple/zipball/a94b3a4db7fb774b3d78dad2315ddc07629e1bed",
                "reference": "a94b3a4db7fb774b3d78dad2315ddc07629e1bed",
                "shasum": ""
            },
            "require": {
                "php": ">=7.2.5",
                "psr/container": "^1.1 || ^2.0"
            },
            "require-dev": {
                "symfony/phpunit-bridge": "^5.4@dev"
            },
            "type": "library",
            "extra": {
                "branch-alias": {
                    "dev-master": "3.4.x-dev"
                }
            },
            "autoload": {
                "psr-0": {
                    "Pimple": "src/"
                }
            },
            "notification-url": "https://packagist.org/downloads/",
            "license": [
                "MIT"
            ],
            "authors": [
                {
                    "name": "Fabien Potencier",
                    "email": "fabien@symfony.com"
                }
            ],
            "description": "Pimple, a simple Dependency Injection Container",
            "homepage": "https://pimple.symfony.com",
            "keywords": [
                "container",
                "dependency injection"
            ],
            "support": {
                "source": "https://github.com/silexphp/Pimple/tree/v3.5.0"
            },
            "time": "2021-10-28T11:13:42+00:00"
        },
        {
            "name": "psr/container",
            "version": "1.1.2",
            "source": {
                "type": "git",
                "url": "https://github.com/php-fig/container.git",
                "reference": "513e0666f7216c7459170d56df27dfcefe1689ea"
            },
            "dist": {
                "type": "zip",
                "url": "https://api.github.com/repos/php-fig/container/zipball/513e0666f7216c7459170d56df27dfcefe1689ea",
                "reference": "513e0666f7216c7459170d56df27dfcefe1689ea",
                "shasum": ""
            },
            "require": {
                "php": ">=7.4.0"
            },
            "type": "library",
            "autoload": {
                "psr-4": {
                    "Psr\\Container\\": "src/"
                }
            },
            "notification-url": "https://packagist.org/downloads/",
            "license": [
                "MIT"
            ],
            "authors": [
                {
                    "name": "PHP-FIG",
                    "homepage": "https://www.php-fig.org/"
                }
            ],
            "description": "Common Container Interface (PHP FIG PSR-11)",
            "homepage": "https://github.com/php-fig/container",
            "keywords": [
                "PSR-11",
                "container",
                "container-interface",
                "container-interop",
                "psr"
            ],
            "support": {
                "issues": "https://github.com/php-fig/container/issues",
                "source": "https://github.com/php-fig/container/tree/1.1.2"
            },
            "time": "2021-11-05T16:50:12+00:00"
        },
        {
            "name": "psr/http-factory",
            "version": "1.0.2",
            "source": {
                "type": "git",
                "url": "https://github.com/php-fig/http-factory.git",
                "reference": "e616d01114759c4c489f93b099585439f795fe35"
            },
            "dist": {
                "type": "zip",
                "url": "https://api.github.com/repos/php-fig/http-factory/zipball/e616d01114759c4c489f93b099585439f795fe35",
                "reference": "e616d01114759c4c489f93b099585439f795fe35",
                "shasum": ""
            },
            "require": {
                "php": ">=7.0.0",
                "psr/http-message": "^1.0 || ^2.0"
            },
            "type": "library",
            "extra": {
                "branch-alias": {
                    "dev-master": "1.0.x-dev"
                }
            },
            "autoload": {
                "psr-4": {
                    "Psr\\Http\\Message\\": "src/"
                }
            },
            "notification-url": "https://packagist.org/downloads/",
            "license": [
                "MIT"
            ],
            "authors": [
                {
                    "name": "PHP-FIG",
                    "homepage": "https://www.php-fig.org/"
                }
            ],
            "description": "Common interfaces for PSR-7 HTTP message factories",
            "keywords": [
                "factory",
                "http",
                "message",
                "psr",
                "psr-17",
                "psr-7",
                "request",
                "response"
            ],
            "support": {
                "source": "https://github.com/php-fig/http-factory/tree/1.0.2"
            },
            "time": "2023-04-10T20:10:41+00:00"
        },
        {
            "name": "psr/http-message",
            "version": "1.1",
            "source": {
                "type": "git",
                "url": "https://github.com/php-fig/http-message.git",
                "reference": "cb6ce4845ce34a8ad9e68117c10ee90a29919eba"
            },
            "dist": {
                "type": "zip",
                "url": "https://api.github.com/repos/php-fig/http-message/zipball/cb6ce4845ce34a8ad9e68117c10ee90a29919eba",
                "reference": "cb6ce4845ce34a8ad9e68117c10ee90a29919eba",
                "shasum": ""
            },
            "require": {
                "php": "^7.2 || ^8.0"
            },
            "type": "library",
            "extra": {
                "branch-alias": {
                    "dev-master": "1.1.x-dev"
                }
            },
            "autoload": {
                "psr-4": {
                    "Psr\\Http\\Message\\": "src/"
                }
            },
            "notification-url": "https://packagist.org/downloads/",
            "license": [
                "MIT"
            ],
            "authors": [
                {
                    "name": "PHP-FIG",
                    "homepage": "http://www.php-fig.org/"
                }
            ],
            "description": "Common interface for HTTP messages",
            "homepage": "https://github.com/php-fig/http-message",
            "keywords": [
                "http",
                "http-message",
                "psr",
                "psr-7",
                "request",
                "response"
            ],
            "support": {
                "source": "https://github.com/php-fig/http-message/tree/1.1"
            },
            "time": "2023-04-04T09:50:52+00:00"
        },
        {
            "name": "psr/http-server-handler",
            "version": "1.0.2",
            "source": {
                "type": "git",
                "url": "https://github.com/php-fig/http-server-handler.git",
                "reference": "84c4fb66179be4caaf8e97bd239203245302e7d4"
            },
            "dist": {
                "type": "zip",
                "url": "https://api.github.com/repos/php-fig/http-server-handler/zipball/84c4fb66179be4caaf8e97bd239203245302e7d4",
                "reference": "84c4fb66179be4caaf8e97bd239203245302e7d4",
                "shasum": ""
            },
            "require": {
                "php": ">=7.0",
                "psr/http-message": "^1.0 || ^2.0"
            },
            "type": "library",
            "extra": {
                "branch-alias": {
                    "dev-master": "1.0.x-dev"
                }
            },
            "autoload": {
                "psr-4": {
                    "Psr\\Http\\Server\\": "src/"
                }
            },
            "notification-url": "https://packagist.org/downloads/",
            "license": [
                "MIT"
            ],
            "authors": [
                {
                    "name": "PHP-FIG",
                    "homepage": "https://www.php-fig.org/"
                }
            ],
            "description": "Common interface for HTTP server-side request handler",
            "keywords": [
                "handler",
                "http",
                "http-interop",
                "psr",
                "psr-15",
                "psr-7",
                "request",
                "response",
                "server"
            ],
            "support": {
                "source": "https://github.com/php-fig/http-server-handler/tree/1.0.2"
            },
            "time": "2023-04-10T20:06:20+00:00"
        },
        {
            "name": "psr/http-server-middleware",
            "version": "1.0.2",
            "source": {
                "type": "git",
                "url": "https://github.com/php-fig/http-server-middleware.git",
                "reference": "c1481f747daaa6a0782775cd6a8c26a1bf4a3829"
            },
            "dist": {
                "type": "zip",
                "url": "https://api.github.com/repos/php-fig/http-server-middleware/zipball/c1481f747daaa6a0782775cd6a8c26a1bf4a3829",
                "reference": "c1481f747daaa6a0782775cd6a8c26a1bf4a3829",
                "shasum": ""
            },
            "require": {
                "php": ">=7.0",
                "psr/http-message": "^1.0 || ^2.0",
                "psr/http-server-handler": "^1.0"
            },
            "type": "library",
            "extra": {
                "branch-alias": {
                    "dev-master": "1.0.x-dev"
                }
            },
            "autoload": {
                "psr-4": {
                    "Psr\\Http\\Server\\": "src/"
                }
            },
            "notification-url": "https://packagist.org/downloads/",
            "license": [
                "MIT"
            ],
            "authors": [
                {
                    "name": "PHP-FIG",
                    "homepage": "https://www.php-fig.org/"
                }
            ],
            "description": "Common interface for HTTP server-side middleware",
            "keywords": [
                "http",
                "http-interop",
                "middleware",
                "psr",
                "psr-15",
                "psr-7",
                "request",
                "response"
            ],
            "support": {
                "issues": "https://github.com/php-fig/http-server-middleware/issues",
                "source": "https://github.com/php-fig/http-server-middleware/tree/1.0.2"
            },
            "time": "2023-04-11T06:14:47+00:00"
        },
        {
            "name": "psr/log",
            "version": "1.1.4",
            "source": {
                "type": "git",
                "url": "https://github.com/php-fig/log.git",
                "reference": "d49695b909c3b7628b6289db5479a1c204601f11"
            },
            "dist": {
                "type": "zip",
                "url": "https://api.github.com/repos/php-fig/log/zipball/d49695b909c3b7628b6289db5479a1c204601f11",
                "reference": "d49695b909c3b7628b6289db5479a1c204601f11",
                "shasum": ""
            },
            "require": {
                "php": ">=5.3.0"
            },
            "type": "library",
            "extra": {
                "branch-alias": {
                    "dev-master": "1.1.x-dev"
                }
            },
            "autoload": {
                "psr-4": {
                    "Psr\\Log\\": "Psr/Log/"
                }
            },
            "notification-url": "https://packagist.org/downloads/",
            "license": [
                "MIT"
            ],
            "authors": [
                {
                    "name": "PHP-FIG",
                    "homepage": "https://www.php-fig.org/"
                }
            ],
            "description": "Common interface for logging libraries",
            "homepage": "https://github.com/php-fig/log",
            "keywords": [
                "log",
                "psr",
                "psr-3"
            ],
            "support": {
                "source": "https://github.com/php-fig/log/tree/1.1.4"
            },
            "time": "2021-05-03T11:20:27+00:00"
        },
        {
            "name": "symfony/options-resolver",
            "version": "v3.4.47",
            "source": {
                "type": "git",
                "url": "https://github.com/symfony/options-resolver.git",
                "reference": "c7efc97a47b2ebaabc19d5b6c6b50f5c37c92744"
            },
            "dist": {
                "type": "zip",
                "url": "https://api.github.com/repos/symfony/options-resolver/zipball/c7efc97a47b2ebaabc19d5b6c6b50f5c37c92744",
                "reference": "c7efc97a47b2ebaabc19d5b6c6b50f5c37c92744",
                "shasum": ""
            },
            "require": {
                "php": "^5.5.9|>=7.0.8"
            },
            "type": "library",
            "autoload": {
                "psr-4": {
                    "Symfony\\Component\\OptionsResolver\\": ""
                },
                "exclude-from-classmap": [
                    "/Tests/"
                ]
            },
            "notification-url": "https://packagist.org/downloads/",
            "license": [
                "MIT"
            ],
            "authors": [
                {
                    "name": "Fabien Potencier",
                    "email": "fabien@symfony.com"
                },
                {
                    "name": "Symfony Community",
                    "homepage": "https://symfony.com/contributors"
                }
            ],
            "description": "Symfony OptionsResolver Component",
            "homepage": "https://symfony.com",
            "keywords": [
                "config",
                "configuration",
                "options"
            ],
            "support": {
                "source": "https://github.com/symfony/options-resolver/tree/v3.4.47"
            },
            "funding": [
                {
                    "url": "https://symfony.com/sponsor",
                    "type": "custom"
                },
                {
                    "url": "https://github.com/fabpot",
                    "type": "github"
                },
                {
                    "url": "https://tidelift.com/funding/github/packagist/symfony/symfony",
                    "type": "tidelift"
                }
            ],
            "time": "2020-10-24T10:57:07+00:00"
        },
        {
            "name": "symfony/polyfill-iconv",
            "version": "v1.27.0",
            "source": {
                "type": "git",
                "url": "https://github.com/symfony/polyfill-iconv.git",
                "reference": "927013f3aac555983a5059aada98e1907d842695"
            },
            "dist": {
                "type": "zip",
                "url": "https://api.github.com/repos/symfony/polyfill-iconv/zipball/927013f3aac555983a5059aada98e1907d842695",
                "reference": "927013f3aac555983a5059aada98e1907d842695",
                "shasum": ""
            },
            "require": {
                "php": ">=7.1"
            },
            "provide": {
                "ext-iconv": "*"
            },
            "suggest": {
                "ext-iconv": "For best performance"
            },
            "type": "library",
            "extra": {
                "branch-alias": {
                    "dev-main": "1.27-dev"
                },
                "thanks": {
                    "name": "symfony/polyfill",
                    "url": "https://github.com/symfony/polyfill"
                }
            },
            "autoload": {
                "files": [
                    "bootstrap.php"
                ],
                "psr-4": {
                    "Symfony\\Polyfill\\Iconv\\": ""
                }
            },
            "notification-url": "https://packagist.org/downloads/",
            "license": [
                "MIT"
            ],
            "authors": [
                {
                    "name": "Nicolas Grekas",
                    "email": "p@tchwork.com"
                },
                {
                    "name": "Symfony Community",
                    "homepage": "https://symfony.com/contributors"
                }
            ],
            "description": "Symfony polyfill for the Iconv extension",
            "homepage": "https://symfony.com",
            "keywords": [
                "compatibility",
                "iconv",
                "polyfill",
                "portable",
                "shim"
            ],
            "support": {
                "source": "https://github.com/symfony/polyfill-iconv/tree/v1.27.0"
            },
            "funding": [
                {
                    "url": "https://symfony.com/sponsor",
                    "type": "custom"
                },
                {
                    "url": "https://github.com/fabpot",
                    "type": "github"
                },
                {
                    "url": "https://tidelift.com/funding/github/packagist/symfony/symfony",
                    "type": "tidelift"
                }
            ],
            "time": "2022-11-03T14:55:06+00:00"
        },
        {
            "name": "tedivm/jshrink",
            "version": "v1.6.6",
            "source": {
                "type": "git",
                "url": "https://github.com/tedious/JShrink.git",
                "reference": "e72133d6e220d79295346954292536b0980eef80"
            },
            "dist": {
                "type": "zip",
                "url": "https://api.github.com/repos/tedious/JShrink/zipball/e72133d6e220d79295346954292536b0980eef80",
                "reference": "e72133d6e220d79295346954292536b0980eef80",
                "shasum": ""
            },
            "require": {
                "php": "^7.0|^8.0"
            },
            "require-dev": {
                "friendsofphp/php-cs-fixer": "^3.14",
                "php-coveralls/php-coveralls": "^2.5.0",
                "phpunit/phpunit": "^9|^10"
            },
            "type": "library",
            "autoload": {
                "psr-0": {
                    "JShrink": "src/"
                }
            },
            "notification-url": "https://packagist.org/downloads/",
            "license": [
                "BSD-3-Clause"
            ],
            "authors": [
                {
                    "name": "Robert Hafner",
                    "email": "tedivm@tedivm.com"
                }
            ],
            "description": "Javascript Minifier built in PHP",
            "homepage": "http://github.com/tedious/JShrink",
            "keywords": [
                "javascript",
                "minifier"
            ],
            "support": {
                "issues": "https://github.com/tedious/JShrink/issues",
                "source": "https://github.com/tedious/JShrink/tree/v1.6.6"
            },
            "funding": [
                {
                    "url": "https://github.com/tedivm",
                    "type": "github"
                },
                {
                    "url": "https://tidelift.com/funding/github/packagist/tedivm/jshrink",
                    "type": "tidelift"
                }
            ],
            "time": "2023-04-18T22:30:38+00:00"
        },
        {
            "name": "wingu/reflection",
            "version": "1.2.0",
            "source": {
                "type": "git",
                "url": "https://github.com/Speicher210/Reflection.git",
                "reference": "c784361e516b58f326f1cabafe02e829298e85f7"
            },
            "dist": {
                "type": "zip",
                "url": "https://api.github.com/repos/Speicher210/Reflection/zipball/c784361e516b58f326f1cabafe02e829298e85f7",
                "reference": "c784361e516b58f326f1cabafe02e829298e85f7",
                "shasum": ""
            },
            "require": {
                "php": ">=7.2"
            },
            "require-dev": {
                "scrutinizer/ocular": "~1.1",
                "symfony/phpunit-bridge": "^6.0"
            },
            "type": "library",
            "autoload": {
                "psr-4": {
                    "Wingu\\OctopusCore\\Reflection\\": "src"
                }
            },
            "notification-url": "https://packagist.org/downloads/",
            "license": [
                "MIT"
            ],
            "authors": [
                {
                    "name": "Dragos Protung",
                    "email": "dragos@protung.ro",
                    "role": "Developer"
                }
            ],
            "description": "Library on top of PHP Reflection with some extra helper methods and a more powerful PHP DocBlock and annotation tags reflection",
            "homepage": "https://github.com/Speicher210/Reflection",
            "keywords": [
                "annotations",
                "php reflection",
                "reflection"
            ],
            "support": {
                "issues": "https://github.com/Speicher210/Reflection/issues",
                "source": "https://github.com/Speicher210/Reflection/tree/1.2.0"
            },
            "time": "2023-05-11T09:01:22+00:00"
        },
        {
            "name": "wsdl2phpgenerator/wsdl2phpgenerator",
            "version": "3.4.0",
            "source": {
                "type": "git",
                "url": "https://github.com/wsdl2phpgenerator/wsdl2phpgenerator.git",
                "reference": "558c8a66677c117de2db5f5a4ae7f327c4b67f67"
            },
            "dist": {
                "type": "zip",
                "url": "https://api.github.com/repos/wsdl2phpgenerator/wsdl2phpgenerator/zipball/558c8a66677c117de2db5f5a4ae7f327c4b67f67",
                "reference": "558c8a66677c117de2db5f5a4ae7f327c4b67f67",
                "shasum": ""
            },
            "require": {
                "ext-soap": "*",
                "php": ">=5.3.0",
                "symfony/options-resolver": "~2.6|~3.0",
                "symfony/polyfill-iconv": "^1.2"
            },
            "require-dev": {
                "kasperg/phing-github": "0.2.*",
                "phing/phing": "~2.7",
                "php-vcr/php-vcr": "1.2 - 1.2.7|^1.3.1",
                "php-vcr/phpunit-testlistener-vcr": "~1.1.2",
                "phpunit/phpunit": "~4.4",
                "psr/log": "~1.0",
                "symfony/yaml": "~2.1"
            },
            "type": "library",
            "autoload": {
                "psr-4": {
                    "Wsdl2PhpGenerator\\": [
                        "src/",
                        "lib/"
                    ]
                }
            },
            "notification-url": "https://packagist.org/downloads/",
            "license": [
                "MIT"
            ],
            "description": "Simple class library for generating php classes from a wsdl file.",
            "keywords": [
                "soap",
                "wsdl"
            ],
            "support": {
                "issues": "https://github.com/wsdl2phpgenerator/wsdl2phpgenerator/issues",
                "source": "https://github.com/wsdl2phpgenerator/wsdl2phpgenerator/tree/3.4.0"
            },
            "abandoned": true,
            "time": "2016-10-30T21:02:36+00:00"
        }
    ],
    "packages-dev": [],
    "aliases": [],
    "minimum-stability": "stable",
    "stability-flags": [],
    "prefer-stable": false,
    "prefer-lowest": false,
    "platform": [],
    "platform-dev": [],
    "plugin-api-version": "2.3.0"
}
